<?xml version="1.0" encoding="utf-8"?>
<Project ToolsVersion="4.0" xmlns="http://schemas.microsoft.com/developer/msbuild/2003">
  <ItemGroup>
    <Filter Include="Source Files">
      <UniqueIdentifier>{bd43b93d-65ec-41ed-b4a8-e6d1e6407ff2}</UniqueIdentifier>
      <Extensions>cpp;c;cxx;def;odl;idl;hpj;bat;asm</Extensions>
    </Filter>
    <Filter Include="Header Files">
      <UniqueIdentifier>{cea98aa3-4e55-447c-96b9-08dbb16e91af}</UniqueIdentifier>
      <Extensions>h;hpp;hxx;hm;inl;inc</Extensions>
    </Filter>
    <Filter Include="Resource Files">
      <UniqueIdentifier>{9bc6819e-018d-4076-b408-c6cf9e45b190}</UniqueIdentifier>
      <Extensions>rc;ico;cur;bmp;dlg;rc2;rct;bin;rgs;jpg;jpeg;jpe;manifest</Extensions>
    </Filter>
  </ItemGroup>
  <ItemGroup>
    <ClCompile Include="Aspi.cpp">
      <Filter>Source Files</Filter>
    </ClCompile>
    <ClCompile Include="AspiDriver.cpp">
      <Filter>Source Files</Filter>
    </ClCompile>
    <ClCompile Include="ButtonEx.cpp">
      <Filter>Source Files</Filter>
    </ClCompile>
    <ClCompile Include="CDController.cpp">
      <Filter>Source Files</Filter>
    </ClCompile>
    <ClCompile Include="CDM.cpp">
      <Filter>Source Files</Filter>
    </ClCompile>
    <ClCompile Include="CDMDlg.cpp">
      <Filter>Source Files</Filter>
    </ClCompile>
    <ClCompile Include="CDType.cpp">
      <Filter>Source Files</Filter>
    </ClCompile>
    <ClCompile Include="CDWriter.cpp">
      <Filter>Source Files</Filter>
    </ClCompile>
    <ClCompile Include="CheckSector.cpp">
      <Filter>Source Files</Filter>
    </ClCompile>
    <ClCompile Include="CreateProgressDialog.cpp">
      <Filter>Source Files</Filter>
    </ClCompile>
    <ClCompile Include="CreateThread.cpp">
      <Filter>Source Files</Filter>
    </ClCompile>
    <ClCompile Include="CueSheetParser.cpp">
      <Filter>Source Files</Filter>
    </ClCompile>
    <ClCompile Include="DeviceList.cpp">
      <Filter>Source Files</Filter>
    </ClCompile>
    <ClCompile Include="DirStructure.cpp">
      <Filter>Source Files</Filter>
    </ClCompile>
    <ClCompile Include="DriveCapabilityDialog.cpp">
      <Filter>Source Files</Filter>
    </ClCompile>
    <ClCompile Include="EraseDialog.cpp">
      <Filter>Source Files</Filter>
    </ClCompile>
    <ClCompile Include="FileList.cpp">
      <Filter>Source Files</Filter>
    </ClCompile>
    <ClCompile Include="ImageFile.cpp">
      <Filter>Source Files</Filter>
    </ClCompile>
    <ClCompile Include="IsoCreator.cpp">
      <Filter>Source Files</Filter>
    </ClCompile>
    <ClCompile Include="IsoWriter.cpp">
      <Filter>Source Files</Filter>
    </ClCompile>
    <ClCompile Include="Language.cpp">
      <Filter>Source Files</Filter>
    </ClCompile>
    <ClCompile Include="LanguageDialog.cpp">
      <Filter>Source Files</Filter>
    </ClCompile>
    <ClCompile Include="LogWindow.cpp">
      <Filter>Source Files</Filter>
    </ClCompile>
    <ClCompile Include="MasteringFileDialog.cpp">
      <Filter>Source Files</Filter>
    </ClCompile>
    <ClCompile Include="MasteringPage1.cpp">
      <Filter>Source Files</Filter>
    </ClCompile>
    <ClCompile Include="MasteringPage2.cpp">
      <Filter>Source Files</Filter>
    </ClCompile>
    <ClCompile Include="MasteringPage3.cpp">
      <Filter>Source Files</Filter>
    </ClCompile>
    <ClCompile Include="MessageDialog.cpp">
      <Filter>Source Files</Filter>
    </ClCompile>
    <ClCompile Include="MMCReader.cpp">
      <Filter>Source Files</Filter>
    </ClCompile>
    <ClCompile Include="MMCSubcodeReader.cpp">
      <Filter>Source Files</Filter>
    </ClCompile>
    <ClCompile Include="MMCWriter.cpp">
      <Filter>Source Files</Filter>
    </ClCompile>
    <ClCompile Include="MsfDialog.cpp">
      <Filter>Source Files</Filter>
    </ClCompile>
    <ClCompile Include="PBBuffer.cpp">
      <Filter>Source Files</Filter>
    </ClCompile>
    <ClCompile Include="PregapAnalyzer.cpp">
      <Filter>Source Files</Filter>
    </ClCompile>
    <ClCompile Include="ReadProgressDialog.cpp">
      <Filter>Source Files</Filter>
    </ClCompile>
    <ClCompile Include="ReadSettingDialog.cpp">
      <Filter>Source Files</Filter>
    </ClCompile>
    <ClCompile Include="ReadSettingDialog1.cpp">
      <Filter>Source Files</Filter>
    </ClCompile>
    <ClCompile Include="ReadSettingDialog2.cpp">
      <Filter>Source Files</Filter>
    </ClCompile>
    <ClCompile Include="ReadSettingDialog3.cpp">
      <Filter>Source Files</Filter>
    </ClCompile>
    <ClCompile Include="ReadSettingDialog4.cpp">
      <Filter>Source Files</Filter>
    </ClCompile>
    <ClCompile Include="ReadThread.cpp">
      <Filter>Source Files</Filter>
    </ClCompile>
    <ClCompile Include="ReadThreadAlpha.cpp">
      <Filter>Source Files</Filter>
    </ClCompile>
    <ClCompile Include="ReadThreadCompare.cpp">
      <Filter>Source Files</Filter>
    </ClCompile>
    <ClCompile Include="ReadThreadMS.cpp">
      <Filter>Source Files</Filter>
    </ClCompile>
    <ClCompile Include="ReadThreadSS.cpp">
      <Filter>Source Files</Filter>
    </ClCompile>
    <ClCompile Include="ReadTrackDialog.cpp">
      <Filter>Source Files</Filter>
    </ClCompile>
    <ClCompile Include="Setting.cpp">
      <Filter>Source Files</Filter>
    </ClCompile>
    <ClCompile Include="SettingDialog.cpp">
      <Filter>Source Files</Filter>
    </ClCompile>
    <ClCompile Include="SettingPage1.cpp">
      <Filter>Source Files</Filter>
    </ClCompile>
    <ClCompile Include="SettingPage2.cpp">
      <Filter>Source Files</Filter>
    </ClCompile>
    <ClCompile Include="SettingPage3.cpp">
      <Filter>Source Files</Filter>
    </ClCompile>
    <ClCompile Include="SettingPage4.cpp">
      <Filter>Source Files</Filter>
    </ClCompile>
    <ClCompile Include="SptiDriver.cpp">
      <Filter>Source Files</Filter>
    </ClCompile>
    <ClCompile Include="stdafx.cpp">
      <Filter>Source Files</Filter>
    </ClCompile>
    <ClCompile Include="SubCodeGenerator.cpp">
      <Filter>Source Files</Filter>
    </ClCompile>
    <ClCompile Include="SubcodeGeneratorMS.cpp">
      <Filter>Source Files</Filter>
    </ClCompile>
    <ClCompile Include="SubQProgressDialog.cpp">
      <Filter>Source Files</Filter>
    </ClCompile>
    <ClCompile Include="SubQThread.cpp">
      <Filter>Source Files</Filter>
    </ClCompile>
    <ClCompile Include="ThemeController.cpp">
      <Filter>Source Files</Filter>
    </ClCompile>
    <ClCompile Include="TocWindow.cpp">
      <Filter>Source Files</Filter>
    </ClCompile>
    <ClCompile Include="WriteProgressDialog.cpp">
      <Filter>Source Files</Filter>
    </ClCompile>
    <ClCompile Include="WriteSettingDialog.cpp">
      <Filter>Source Files</Filter>
    </ClCompile>
    <ClCompile Include="WriteThread.cpp">
      <Filter>Source Files</Filter>
    </ClCompile>
  </ItemGroup>
  <ItemGroup>
    <ClInclude Include="Aspi.h">
      <Filter>Header Files</Filter>
    </ClInclude>
    <ClInclude Include="AspiDriver.h">
      <Filter>Header Files</Filter>
    </ClInclude>
    <ClInclude Include="ButtonEx.h">
      <Filter>Header Files</Filter>
    </ClInclude>
    <ClInclude Include="CDController.h">
      <Filter>Header Files</Filter>
    </ClInclude>
    <ClInclude Include="CDM.h">
      <Filter>Header Files</Filter>
    </ClInclude>
    <ClInclude Include="CDMDlg.h">
      <Filter>Header Files</Filter>
    </ClInclude>
    <ClInclude Include="CDType.h">
      <Filter>Header Files</Filter>
    </ClInclude>
    <ClInclude Include="CDWriter.h">
      <Filter>Header Files</Filter>
    </ClInclude>
    <ClInclude Include="CheckSector.h">
      <Filter>Header Files</Filter>
    </ClInclude>
    <ClInclude Include="CreateProgressDialog.h">
      <Filter>Header Files</Filter>
    </ClInclude>
    <ClInclude Include="CreateThread.h">
      <Filter>Header Files</Filter>
    </ClInclude>
    <ClInclude Include="CueSheetParser.h">
      <Filter>Header Files</Filter>
    </ClInclude>
    <ClInclude Include="DeviceList.h">
      <Filter>Header Files</Filter>
    </ClInclude>
    <ClInclude Include="DirStructure.h">
      <Filter>Header Files</Filter>
    </ClInclude>
    <ClInclude Include="DriveCapabilityDialog.h">
      <Filter>Header Files</Filter>
    </ClInclude>
    <ClInclude Include="EraseDialog.h">
      <Filter>Header Files</Filter>
    </ClInclude>
    <ClInclude Include="FileList.h">
      <Filter>Header Files</Filter>
    </ClInclude>
    <ClInclude Include="ImageFile.h">
      <Filter>Header Files</Filter>
    </ClInclude>
    <ClInclude Include="IsoCreator.h">
      <Filter>Header Files</Filter>
    </ClInclude>
    <ClInclude Include="IsoWriter.h">
      <Filter>Header Files</Filter>
    </ClInclude>
    <ClInclude Include="Language.h">
      <Filter>Header Files</Filter>
    </ClInclude>
    <ClInclude Include="LanguageDialog.h">
      <Filter>Header Files</Filter>
    </ClInclude>
    <ClInclude Include="LogWindow.h">
      <Filter>Header Files</Filter>
    </ClInclude>
    <ClInclude Include="MasteringFileDialog.h">
      <Filter>Header Files</Filter>
    </ClInclude>
    <ClInclude Include="MasteringPage1.h">
      <Filter>Header Files</Filter>
    </ClInclude>
    <ClInclude Include="MasteringPage2.h">
      <Filter>Header Files</Filter>
    </ClInclude>
    <ClInclude Include="MasteringPage3.h">
      <Filter>Header Files</Filter>
    </ClInclude>
    <ClInclude Include="MessageDialog.h">
      <Filter>Header Files</Filter>
    </ClInclude>
    <ClInclude Include="MMCReader.h">
      <Filter>Header Files</Filter>
    </ClInclude>
    <ClInclude Include="MMCSubcodeReader.h">
      <Filter>Header Files</Filter>
    </ClInclude>
    <ClInclude Include="MMCWriter.h">
      <Filter>Header Files</Filter>
    </ClInclude>
    <ClInclude Include="MsfDialog.h">
      <Filter>Header Files</Filter>
    </ClInclude>
    <ClInclude Include="PBBuffer.h">
      <Filter>Header Files</Filter>
    </ClInclude>
    <ClInclude Include="PregapAnalyzer.h">
      <Filter>Header Files</Filter>
    </ClInclude>
    <ClInclude Include="ReadProgressDialog.h">
      <Filter>Header Files</Filter>
    </ClInclude>
    <ClInclude Include="ReadSettingDialog.h">
      <Filter>Header Files</Filter>
    </ClInclude>
    <ClInclude Include="ReadSettingDialog1.h">
      <Filter>Header Files</Filter>
    </ClInclude>
    <ClInclude Include="ReadSettingDialog2.h">
      <Filter>Header Files</Filter>
    </ClInclude>
    <ClInclude Include="ReadSettingDialog3.h">
      <Filter>Header Files</Filter>
    </ClInclude>
    <ClInclude Include="ReadSettingDialog4.h">
      <Filter>Header Files</Filter>
    </ClInclude>
    <ClInclude Include="ReadThread.h">
      <Filter>Header Files</Filter>
    </ClInclude>
    <ClInclude Include="ReadTrackDialog.h">
      <Filter>Header Files</Filter>
    </ClInclude>
    <ClInclude Include="Resource.h">
      <Filter>Header Files</Filter>
    </ClInclude>
    <ClInclude Include="Setting.h">
      <Filter>Header Files</Filter>
    </ClInclude>
    <ClInclude Include="SettingDialog.h">
      <Filter>Header Files</Filter>
    </ClInclude>
    <ClInclude Include="SettingPage1.h">
      <Filter>Header Files</Filter>
    </ClInclude>
    <ClInclude Include="SettingPage2.h">
      <Filter>Header Files</Filter>
    </ClInclude>
    <ClInclude Include="SettingPage3.h">
      <Filter>Header Files</Filter>
    </ClInclude>
    <ClInclude Include="SettingPage4.h">
      <Filter>Header Files</Filter>
    </ClInclude>
    <ClInclude Include="SptiDriver.h">
      <Filter>Header Files</Filter>
    </ClInclude>
    <ClInclude Include="stdafx.h">
      <Filter>Header Files</Filter>
    </ClInclude>
    <ClInclude Include="SubCodeGenerator.h">
      <Filter>Header Files</Filter>
    </ClInclude>
    <ClInclude Include="SubcodeGeneratorMS.h">
      <Filter>Header Files</Filter>
    </ClInclude>
    <ClInclude Include="SubQProgressDialog.h">
      <Filter>Header Files</Filter>
    </ClInclude>
    <ClInclude Include="SubQThread.h">
      <Filter>Header Files</Filter>
    </ClInclude>
    <ClInclude Include="ThemeController.h">
      <Filter>Header Files</Filter>
    </ClInclude>
    <ClInclude Include="TocWindow.h">
      <Filter>Header Files</Filter>
    </ClInclude>
    <ClInclude Include="WriteProgressDialog.h">
      <Filter>Header Files</Filter>
    </ClInclude>
    <ClInclude Include="WriteSettingDialog.h">
      <Filter>Header Files</Filter>
    </ClInclude>
    <ClInclude Include="WriteThread.h">
      <Filter>Header Files</Filter>
    </ClInclude>
  </ItemGroup>
  <ItemGroup>
    <None Include="res\cdm.ico">
      <Filter>Resource Files</Filter>
    </None>
    <None Include="res\cdm.rc2">
      <Filter>Resource Files</Filter>
    </None>
    <None Include="res\CreateImage.bmp">
      <Filter>Resource Files</Filter>
    </None>
    <None Include="res\Duplicate.bmp">
      <Filter>Resource Files</Filter>
    </None>
    <None Include="res\Exit.bmp">
      <Filter>Resource Files</Filter>
    </None>
    <None Include="res\FileList.bmp">
      <Filter>Resource Files</Filter>
    </None>
    <None Include="res\FileTree.bmp">
      <Filter>Resource Files</Filter>
    </None>
    <None Include="res\icon1.ico">
      <Filter>Resource Files</Filter>
    </None>
    <None Include="res\idr_main.ico">
      <Filter>Resource Files</Filter>
    </None>
    <None Include="res\LogType.bmp">
      <Filter>Resource Files</Filter>
    </None>
    <None Include="res\Mastering.bmp">
      <Filter>Resource Files</Filter>
    </None>
    <None Include="res\ReadTrack.bmp">
      <Filter>Resource Files</Filter>
    </None>
    <None Include="res\Recognize.bmp">
      <Filter>Resource Files</Filter>
    </None>
    <None Include="res\SubQ.bmp">
      <Filter>Resource Files</Filter>
    </None>
    <None Include="res\WriteImage.bmp">
      <Filter>Resource Files</Filter>
    </None>
    <None Include="res\AboutImage.bmp">
      <Filter>Resource Files</Filter>
    </None>
  </ItemGroup>
  <ItemGroup>
    <Manifest Include="res\cdm.manifest">
      <Filter>Resource Files</Filter>
    </Manifest>
  </ItemGroup>
  <ItemGroup>
    <ResourceCompile Include="cdm.rc">
      <Filter>Resource Files</Filter>
    </ResourceCompile>
  </ItemGroup>
</Project>